
Microsoft Visual Studio Solution File, Format Version 12.00
# Visual Studio 15
VisualStudioVersion = 15.0.26430.6
MinimumVisualStudioVersion = 10.0.40219.1
Project("{2150E333-8FDC-42A3-9474-1A3956D46DE8}") = "Projects", "Projects", "{0B8C1F40-9406-41D6-882E-B6E99481BD5D}"
EndProject
Project("{2150E333-8FDC-42A3-9474-1A3956D46DE8}") = "Engine", "Engine", "{1C2CA619-9348-41BB-B0E1-C81B37A73674}"
EndProject
Project("{2150E333-8FDC-42A3-9474-1A3956D46DE8}") = "External", "External", "{261AB919-FCC0-4E20-8E53-51D14CAFD8EE}"
EndProject
Project("{8BC9CEB8-8B4A-11D0-8D11-00A0C91BC942}") = "BroadcastClient", "Projects\BroadcastClient\BroadcastClient.vcxproj", "{419DF0E8-6E8C-4369-8E46-17D851C97968}"
EndProject
Project("{8BC9CEB8-8B4A-11D0-8D11-00A0C91BC942}") = "BroadcastServer", "Projects\BroadcastServer\BroadcastServer.vcxproj", "{796DD2CA-BDCD-41B8-89DD-7F1851FD5CCB}"
EndProject
Project("{8BC9CEB8-8B4A-11D0-8D11-00A0C91BC942}") = "ChatClient", "Projects\ChatClient\ChatClient.vcxproj", "{CCC37E87-843F-40AC-87F9-B599CD01E2AD}"
EndProject
Project("{8BC9CEB8-8B4A-11D0-8D11-00A0C91BC942}") = "ChatServer", "Projects\ChatServer\ChatServer.vcxproj", "{F72E405D-97CF-40F8-87F8-06E44632DBAA}"
EndProject
Project("{8BC9CEB8-8B4A-11D0-8D11-00A0C91BC942}") = "EchoClient", "Projects\EchoClient\EchoClient.vcxproj", "{180062E7-7370-42A8-ABD5-420409CD096A}"
EndProject
Project("{8BC9CEB8-8B4A-11D0-8D11-00A0C91BC942}") = "EchoServer", "Projects\EchoServer\EchoServer.vcxproj", "{18AD127F-D0C3-442A-B52C-176638228C59}"
EndProject
Project("{8BC9CEB8-8B4A-11D0-8D11-00A0C91BC942}") = "FileClient", "Projects\FileClient\FileClient.vcxproj", "{257B05EF-D3C0-415E-8EB7-1E0EDBA10E16}"
EndProject
Project("{8BC9CEB8-8B4A-11D0-8D11-00A0C91BC942}") = "FileServer", "Projects\FileServer\FileServer.vcxproj", "{B3C8126E-0FDC-4D25-B4EE-6800B24E7B02}"
EndProject
Project("{8BC9CEB8-8B4A-11D0-8D11-00A0C91BC942}") = "Multithreading", "Projects\Multithreading\Multithreading.vcxproj", "{7E438932-3819-4D51-80B9-0C32B5AF33E3}"
EndProject
Project("{8BC9CEB8-8B4A-11D0-8D11-00A0C91BC942}") = "ProducerConsumer", "Projects\ProducerConsumer\ProducerConsumer.vcxproj", "{2C9AF94E-70BB-4CA9-A5BC-DBF455983CFC}"
EndProject
Project("{8BC9CEB8-8B4A-11D0-8D11-00A0C91BC942}") = "DirectXTK_Desktop_2017", "X\External\DirectXTK\DirectXTK_Desktop_2017.vcxproj", "{CDE5A2F9-D904-4B88-B6CA-2964E9B5DBC4}"
EndProject
Project("{8BC9CEB8-8B4A-11D0-8D11-00A0C91BC942}") = "X", "X\X.vcxproj", "{6682BFD4-C79F-49BD-A114-6EE8FB79E8C3}"
EndProject
Project("{8BC9CEB8-8B4A-11D0-8D11-00A0C91BC942}") = "Basic3D", "Projects\Basic3D\Basic3D.vcxproj", "{36D2265D-5D30-4E9D-A3CF-10876CE8E6BD}"
EndProject
Project("{8BC9CEB8-8B4A-11D0-8D11-00A0C91BC942}") = "Network", "Network\Network.vcxproj", "{278CBEF2-D7F3-4238-AA38-A14797BB17AA}"
EndProject
Project("{8BC9CEB8-8B4A-11D0-8D11-00A0C91BC942}") = "EchoClient2", "Projects\EchoClient2\EchoClient2.vcxproj", "{87473EBC-D04D-4B91-99B8-5FB643C5FE40}"
EndProject
Project("{8BC9CEB8-8B4A-11D0-8D11-00A0C91BC942}") = "Basic2D", "Projects\Basic2D\Basic2D.vcxproj", "{6F010408-13F4-4A0B-8A99-DE44E6DBF20E}"
EndProject
Project("{8BC9CEB8-8B4A-11D0-8D11-00A0C91BC942}") = "EchoServer2", "Projects\EchoServer2\EchoServer2.vcxproj", "{8A36ABFD-14B1-48C5-86C9-1DF86B05CD66}"
EndProject
Project("{8BC9CEB8-8B4A-11D0-8D11-00A0C91BC942}") = "MemoryStream", "Projects\MemoryStream\MemoryStream.vcxproj", "{FB663301-1D46-4A40-A14E-ED61B41A1B18}"
EndProject
Project("{8BC9CEB8-8B4A-11D0-8D11-00A0C91BC942}") = "RTSGame", "Projects\RTSGame\RTSGame.vcxproj", "{A3EE56A0-F758-4DAB-8DB1-D78EB5183188}"
EndProject
Project("{8BC9CEB8-8B4A-11D0-8D11-00A0C91BC942}") = "ImGui", "X\External\ImGui\ImGui.vcxproj", "{BFF9C813-01AF-43B3-A23E-2C62F332B994}"
EndProject
Global
	GlobalSection(SolutionConfigurationPlatforms) = preSolution
		Debug|x64 = Debug|x64
		Debug|x86 = Debug|x86
		Release|x64 = Release|x64
		Release|x86 = Release|x86
	EndGlobalSection
	GlobalSection(ProjectConfigurationPlatforms) = postSolution
		{419DF0E8-6E8C-4369-8E46-17D851C97968}.Debug|x64.ActiveCfg = Debug|x64
		{419DF0E8-6E8C-4369-8E46-17D851C97968}.Debug|x64.Build.0 = Debug|x64
		{419DF0E8-6E8C-4369-8E46-17D851C97968}.Debug|x86.ActiveCfg = Debug|Win32
		{419DF0E8-6E8C-4369-8E46-17D851C97968}.Debug|x86.Build.0 = Debug|Win32
		{419DF0E8-6E8C-4369-8E46-17D851C97968}.Release|x64.ActiveCfg = Release|x64
		{419DF0E8-6E8C-4369-8E46-17D851C97968}.Release|x64.Build.0 = Release|x64
		{419DF0E8-6E8C-4369-8E46-17D851C97968}.Release|x86.ActiveCfg = Release|Win32
		{419DF0E8-6E8C-4369-8E46-17D851C97968}.Release|x86.Build.0 = Release|Win32
		{796DD2CA-BDCD-41B8-89DD-7F1851FD5CCB}.Debug|x64.ActiveCfg = Debug|x64
		{796DD2CA-BDCD-41B8-89DD-7F1851FD5CCB}.Debug|x64.Build.0 = Debug|x64
		{796DD2CA-BDCD-41B8-89DD-7F1851FD5CCB}.Debug|x86.ActiveCfg = Debug|Win32
		{796DD2CA-BDCD-41B8-89DD-7F1851FD5CCB}.Debug|x86.Build.0 = Debug|Win32
		{796DD2CA-BDCD-41B8-89DD-7F1851FD5CCB}.Release|x64.ActiveCfg = Release|x64
		{796DD2CA-BDCD-41B8-89DD-7F1851FD5CCB}.Release|x64.Build.0 = Release|x64
		{796DD2CA-BDCD-41B8-89DD-7F1851FD5CCB}.Release|x86.ActiveCfg = Release|Win32
		{796DD2CA-BDCD-41B8-89DD-7F1851FD5CCB}.Release|x86.Build.0 = Release|Win32
		{CCC37E87-843F-40AC-87F9-B599CD01E2AD}.Debug|x64.ActiveCfg = Debug|x64
		{CCC37E87-843F-40AC-87F9-B599CD01E2AD}.Debug|x64.Build.0 = Debug|x64
		{CCC37E87-843F-40AC-87F9-B599CD01E2AD}.Debug|x86.ActiveCfg = Debug|Win32
		{CCC37E87-843F-40AC-87F9-B599CD01E2AD}.Debug|x86.Build.0 = Debug|Win32
		{CCC37E87-843F-40AC-87F9-B599CD01E2AD}.Release|x64.ActiveCfg = Release|x64
		{CCC37E87-843F-40AC-87F9-B599CD01E2AD}.Release|x64.Build.0 = Release|x64
		{CCC37E87-843F-40AC-87F9-B599CD01E2AD}.Release|x86.ActiveCfg = Release|Win32
		{CCC37E87-843F-40AC-87F9-B599CD01E2AD}.Release|x86.Build.0 = Release|Win32
		{F72E405D-97CF-40F8-87F8-06E44632DBAA}.Debug|x64.ActiveCfg = Debug|x64
		{F72E405D-97CF-40F8-87F8-06E44632DBAA}.Debug|x64.Build.0 = Debug|x64
		{F72E405D-97CF-40F8-87F8-06E44632DBAA}.Debug|x86.ActiveCfg = Debug|Win32
		{F72E405D-97CF-40F8-87F8-06E44632DBAA}.Debug|x86.Build.0 = Debug|Win32
		{F72E405D-97CF-40F8-87F8-06E44632DBAA}.Release|x64.ActiveCfg = Release|x64
		{F72E405D-97CF-40F8-87F8-06E44632DBAA}.Release|x64.Build.0 = Release|x64
		{F72E405D-97CF-40F8-87F8-06E44632DBAA}.Release|x86.ActiveCfg = Release|Win32
		{F72E405D-97CF-40F8-87F8-06E44632DBAA}.Release|x86.Build.0 = Release|Win32
		{180062E7-7370-42A8-ABD5-420409CD096A}.Debug|x64.ActiveCfg = Debug|x64
		{180062E7-7370-42A8-ABD5-420409CD096A}.Debug|x64.Build.0 = Debug|x64
		{180062E7-7370-42A8-ABD5-420409CD096A}.Debug|x86.ActiveCfg = Debug|Win32
		{180062E7-7370-42A8-ABD5-420409CD096A}.Debug|x86.Build.0 = Debug|Win32
		{180062E7-7370-42A8-ABD5-420409CD096A}.Release|x64.ActiveCfg = Release|x64
		{180062E7-7370-42A8-ABD5-420409CD096A}.Release|x64.Build.0 = Release|x64
		{180062E7-7370-42A8-ABD5-420409CD096A}.Release|x86.ActiveCfg = Release|Win32
		{180062E7-7370-42A8-ABD5-420409CD096A}.Release|x86.Build.0 = Release|Win32
		{18AD127F-D0C3-442A-B52C-176638228C59}.Debug|x64.ActiveCfg = Debug|x64
		{18AD127F-D0C3-442A-B52C-176638228C59}.Debug|x64.Build.0 = Debug|x64
		{18AD127F-D0C3-442A-B52C-176638228C59}.Debug|x86.ActiveCfg = Debug|Win32
		{18AD127F-D0C3-442A-B52C-176638228C59}.Debug|x86.Build.0 = Debug|Win32
		{18AD127F-D0C3-442A-B52C-176638228C59}.Release|x64.ActiveCfg = Release|x64
		{18AD127F-D0C3-442A-B52C-176638228C59}.Release|x64.Build.0 = Release|x64
		{18AD127F-D0C3-442A-B52C-176638228C59}.Release|x86.ActiveCfg = Release|Win32
		{18AD127F-D0C3-442A-B52C-176638228C59}.Release|x86.Build.0 = Release|Win32
		{257B05EF-D3C0-415E-8EB7-1E0EDBA10E16}.Debug|x64.ActiveCfg = Debug|x64
		{257B05EF-D3C0-415E-8EB7-1E0EDBA10E16}.Debug|x64.Build.0 = Debug|x64
		{257B05EF-D3C0-415E-8EB7-1E0EDBA10E16}.Debug|x86.ActiveCfg = Debug|Win32
		{257B05EF-D3C0-415E-8EB7-1E0EDBA10E16}.Debug|x86.Build.0 = Debug|Win32
		{257B05EF-D3C0-415E-8EB7-1E0EDBA10E16}.Release|x64.ActiveCfg = Release|x64
		{257B05EF-D3C0-415E-8EB7-1E0EDBA10E16}.Release|x64.Build.0 = Release|x64
		{257B05EF-D3C0-415E-8EB7-1E0EDBA10E16}.Release|x86.ActiveCfg = Release|Win32
		{257B05EF-D3C0-415E-8EB7-1E0EDBA10E16}.Release|x86.Build.0 = Release|Win32
		{B3C8126E-0FDC-4D25-B4EE-6800B24E7B02}.Debug|x64.ActiveCfg = Debug|x64
		{B3C8126E-0FDC-4D25-B4EE-6800B24E7B02}.Debug|x64.Build.0 = Debug|x64
		{B3C8126E-0FDC-4D25-B4EE-6800B24E7B02}.Debug|x86.ActiveCfg = Debug|Win32
		{B3C8126E-0FDC-4D25-B4EE-6800B24E7B02}.Debug|x86.Build.0 = Debug|Win32
		{B3C8126E-0FDC-4D25-B4EE-6800B24E7B02}.Release|x64.ActiveCfg = Release|x64
		{B3C8126E-0FDC-4D25-B4EE-6800B24E7B02}.Release|x64.Build.0 = Release|x64
		{B3C8126E-0FDC-4D25-B4EE-6800B24E7B02}.Release|x86.ActiveCfg = Release|Win32
		{B3C8126E-0FDC-4D25-B4EE-6800B24E7B02}.Release|x86.Build.0 = Release|Win32
		{7E438932-3819-4D51-80B9-0C32B5AF33E3}.Debug|x64.ActiveCfg = Debug|x64
		{7E438932-3819-4D51-80B9-0C32B5AF33E3}.Debug|x64.Build.0 = Debug|x64
		{7E438932-3819-4D51-80B9-0C32B5AF33E3}.Debug|x86.ActiveCfg = Debug|Win32
		{7E438932-3819-4D51-80B9-0C32B5AF33E3}.Debug|x86.Build.0 = Debug|Win32
		{7E438932-3819-4D51-80B9-0C32B5AF33E3}.Release|x64.ActiveCfg = Release|x64
		{7E438932-3819-4D51-80B9-0C32B5AF33E3}.Release|x64.Build.0 = Release|x64
		{7E438932-3819-4D51-80B9-0C32B5AF33E3}.Release|x86.ActiveCfg = Release|Win32
		{7E438932-3819-4D51-80B9-0C32B5AF33E3}.Release|x86.Build.0 = Release|Win32
		{2C9AF94E-70BB-4CA9-A5BC-DBF455983CFC}.Debug|x64.ActiveCfg = Debug|x64
		{2C9AF94E-70BB-4CA9-A5BC-DBF455983CFC}.Debug|x64.Build.0 = Debug|x64
		{2C9AF94E-70BB-4CA9-A5BC-DBF455983CFC}.Debug|x86.ActiveCfg = Debug|Win32
		{2C9AF94E-70BB-4CA9-A5BC-DBF455983CFC}.Debug|x86.Build.0 = Debug|Win32
		{2C9AF94E-70BB-4CA9-A5BC-DBF455983CFC}.Release|x64.ActiveCfg = Release|x64
		{2C9AF94E-70BB-4CA9-A5BC-DBF455983CFC}.Release|x64.Build.0 = Release|x64
		{2C9AF94E-70BB-4CA9-A5BC-DBF455983CFC}.Release|x86.ActiveCfg = Release|Win32
		{2C9AF94E-70BB-4CA9-A5BC-DBF455983CFC}.Release|x86.Build.0 = Release|Win32
		{CDE5A2F9-D904-4B88-B6CA-2964E9B5DBC4}.Debug|x64.ActiveCfg = Debug|x64
		{CDE5A2F9-D904-4B88-B6CA-2964E9B5DBC4}.Debug|x64.Build.0 = Debug|x64
		{CDE5A2F9-D904-4B88-B6CA-2964E9B5DBC4}.Debug|x86.ActiveCfg = Debug|Win32
		{CDE5A2F9-D904-4B88-B6CA-2964E9B5DBC4}.Debug|x86.Build.0 = Debug|Win32
		{CDE5A2F9-D904-4B88-B6CA-2964E9B5DBC4}.Release|x64.ActiveCfg = Release|x64
		{CDE5A2F9-D904-4B88-B6CA-2964E9B5DBC4}.Release|x64.Build.0 = Release|x64
		{CDE5A2F9-D904-4B88-B6CA-2964E9B5DBC4}.Release|x86.ActiveCfg = Release|Win32
		{CDE5A2F9-D904-4B88-B6CA-2964E9B5DBC4}.Release|x86.Build.0 = Release|Win32
		{6682BFD4-C79F-49BD-A114-6EE8FB79E8C3}.Debug|x64.ActiveCfg = Debug|x64
		{6682BFD4-C79F-49BD-A114-6EE8FB79E8C3}.Debug|x64.Build.0 = Debug|x64
		{6682BFD4-C79F-49BD-A114-6EE8FB79E8C3}.Debug|x86.ActiveCfg = Debug|Win32
		{6682BFD4-C79F-49BD-A114-6EE8FB79E8C3}.Debug|x86.Build.0 = Debug|Win32
		{6682BFD4-C79F-49BD-A114-6EE8FB79E8C3}.Release|x64.ActiveCfg = Release|x64
		{6682BFD4-C79F-49BD-A114-6EE8FB79E8C3}.Release|x64.Build.0 = Release|x64
		{6682BFD4-C79F-49BD-A114-6EE8FB79E8C3}.Release|x86.ActiveCfg = Release|Win32
		{6682BFD4-C79F-49BD-A114-6EE8FB79E8C3}.Release|x86.Build.0 = Release|Win32
		{36D2265D-5D30-4E9D-A3CF-10876CE8E6BD}.Debug|x64.ActiveCfg = Debug|x64
		{36D2265D-5D30-4E9D-A3CF-10876CE8E6BD}.Debug|x64.Build.0 = Debug|x64
		{36D2265D-5D30-4E9D-A3CF-10876CE8E6BD}.Debug|x64.Deploy.0 = Debug|x64
		{36D2265D-5D30-4E9D-A3CF-10876CE8E6BD}.Debug|x86.ActiveCfg = Debug|Win32
		{36D2265D-5D30-4E9D-A3CF-10876CE8E6BD}.Debug|x86.Build.0 = Debug|Win32
		{36D2265D-5D30-4E9D-A3CF-10876CE8E6BD}.Debug|x86.Deploy.0 = Debug|Win32
		{36D2265D-5D30-4E9D-A3CF-10876CE8E6BD}.Release|x64.ActiveCfg = Release|x64
		{36D2265D-5D30-4E9D-A3CF-10876CE8E6BD}.Release|x64.Build.0 = Release|x64
		{36D2265D-5D30-4E9D-A3CF-10876CE8E6BD}.Release|x64.Deploy.0 = Release|x64
		{36D2265D-5D30-4E9D-A3CF-10876CE8E6BD}.Release|x86.ActiveCfg = Release|Win32
		{36D2265D-5D30-4E9D-A3CF-10876CE8E6BD}.Release|x86.Build.0 = Release|Win32
		{36D2265D-5D30-4E9D-A3CF-10876CE8E6BD}.Release|x86.Deploy.0 = Release|Win32
		{278CBEF2-D7F3-4238-AA38-A14797BB17AA}.Debug|x64.ActiveCfg = Debug|x64
		{278CBEF2-D7F3-4238-AA38-A14797BB17AA}.Debug|x64.Build.0 = Debug|x64
		{278CBEF2-D7F3-4238-AA38-A14797BB17AA}.Debug|x86.ActiveCfg = Debug|Win32
		{278CBEF2-D7F3-4238-AA38-A14797BB17AA}.Debug|x86.Build.0 = Debug|Win32
		{278CBEF2-D7F3-4238-AA38-A14797BB17AA}.Release|x64.ActiveCfg = Release|x64
		{278CBEF2-D7F3-4238-AA38-A14797BB17AA}.Release|x64.Build.0 = Release|x64
		{278CBEF2-D7F3-4238-AA38-A14797BB17AA}.Release|x86.ActiveCfg = Release|Win32
		{278CBEF2-D7F3-4238-AA38-A14797BB17AA}.Release|x86.Build.0 = Release|Win32
		{87473EBC-D04D-4B91-99B8-5FB643C5FE40}.Debug|x64.ActiveCfg = Debug|x64
		{87473EBC-D04D-4B91-99B8-5FB643C5FE40}.Debug|x64.Build.0 = Debug|x64
		{87473EBC-D04D-4B91-99B8-5FB643C5FE40}.Debug|x86.ActiveCfg = Debug|Win32
		{87473EBC-D04D-4B91-99B8-5FB643C5FE40}.Debug|x86.Build.0 = Debug|Win32
		{87473EBC-D04D-4B91-99B8-5FB643C5FE40}.Release|x64.ActiveCfg = Release|x64
		{87473EBC-D04D-4B91-99B8-5FB643C5FE40}.Release|x64.Build.0 = Release|x64
		{87473EBC-D04D-4B91-99B8-5FB643C5FE40}.Release|x86.ActiveCfg = Release|Win32
		{87473EBC-D04D-4B91-99B8-5FB643C5FE40}.Release|x86.Build.0 = Release|Win32
		{6F010408-13F4-4A0B-8A99-DE44E6DBF20E}.Debug|x64.ActiveCfg = Debug|x64
		{6F010408-13F4-4A0B-8A99-DE44E6DBF20E}.Debug|x64.Build.0 = Debug|x64
		{6F010408-13F4-4A0B-8A99-DE44E6DBF20E}.Debug|x86.ActiveCfg = Debug|Win32
		{6F010408-13F4-4A0B-8A99-DE44E6DBF20E}.Debug|x86.Build.0 = Debug|Win32
		{6F010408-13F4-4A0B-8A99-DE44E6DBF20E}.Release|x64.ActiveCfg = Release|x64
		{6F010408-13F4-4A0B-8A99-DE44E6DBF20E}.Release|x64.Build.0 = Release|x64
		{6F010408-13F4-4A0B-8A99-DE44E6DBF20E}.Release|x86.ActiveCfg = Release|Win32
		{6F010408-13F4-4A0B-8A99-DE44E6DBF20E}.Release|x86.Build.0 = Release|Win32
		{8A36ABFD-14B1-48C5-86C9-1DF86B05CD66}.Debug|x64.ActiveCfg = Debug|x64
		{8A36ABFD-14B1-48C5-86C9-1DF86B05CD66}.Debug|x64.Build.0 = Debug|x64
		{8A36ABFD-14B1-48C5-86C9-1DF86B05CD66}.Debug|x86.ActiveCfg = Debug|Win32
		{8A36ABFD-14B1-48C5-86C9-1DF86B05CD66}.Debug|x86.Build.0 = Debug|Win32
		{8A36ABFD-14B1-48C5-86C9-1DF86B05CD66}.Release|x64.ActiveCfg = Release|x64
		{8A36ABFD-14B1-48C5-86C9-1DF86B05CD66}.Release|x64.Build.0 = Release|x64
		{8A36ABFD-14B1-48C5-86C9-1DF86B05CD66}.Release|x86.ActiveCfg = Release|Win32
		{8A36ABFD-14B1-48C5-86C9-1DF86B05CD66}.Release|x86.Build.0 = Release|Win32
		{FB663301-1D46-4A40-A14E-ED61B41A1B18}.Debug|x64.ActiveCfg = Debug|x64
		{FB663301-1D46-4A40-A14E-ED61B41A1B18}.Debug|x64.Build.0 = Debug|x64
		{FB663301-1D46-4A40-A14E-ED61B41A1B18}.Debug|x86.ActiveCfg = Debug|Win32
		{FB663301-1D46-4A40-A14E-ED61B41A1B18}.Debug|x86.Build.0 = Debug|Win32
		{FB663301-1D46-4A40-A14E-ED61B41A1B18}.Release|x64.ActiveCfg = Release|x64
		{FB663301-1D46-4A40-A14E-ED61B41A1B18}.Release|x64.Build.0 = Release|x64
		{FB663301-1D46-4A40-A14E-ED61B41A1B18}.Release|x86.ActiveCfg = Release|Win32
		{FB663301-1D46-4A40-A14E-ED61B41A1B18}.Release|x86.Build.0 = Release|Win32
		{A3EE56A0-F758-4DAB-8DB1-D78EB5183188}.Debug|x64.ActiveCfg = Debug|x64
		{A3EE56A0-F758-4DAB-8DB1-D78EB5183188}.Debug|x64.Build.0 = Debug|x64
		{A3EE56A0-F758-4DAB-8DB1-D78EB5183188}.Debug|x86.ActiveCfg = Debug|Win32
		{A3EE56A0-F758-4DAB-8DB1-D78EB5183188}.Debug|x86.Build.0 = Debug|Win32
		{A3EE56A0-F758-4DAB-8DB1-D78EB5183188}.Release|x64.ActiveCfg = Release|x64
		{A3EE56A0-F758-4DAB-8DB1-D78EB5183188}.Release|x64.Build.0 = Release|x64
		{A3EE56A0-F758-4DAB-8DB1-D78EB5183188}.Release|x86.ActiveCfg = Release|Win32
		{A3EE56A0-F758-4DAB-8DB1-D78EB5183188}.Release|x86.Build.0 = Release|Win32
		{BFF9C813-01AF-43B3-A23E-2C62F332B994}.Debug|x64.ActiveCfg = Debug|x64
		{BFF9C813-01AF-43B3-A23E-2C62F332B994}.Debug|x64.Build.0 = Debug|x64
		{BFF9C813-01AF-43B3-A23E-2C62F332B994}.Debug|x86.ActiveCfg = Debug|Win32
		{BFF9C813-01AF-43B3-A23E-2C62F332B994}.Debug|x86.Build.0 = Debug|Win32
		{BFF9C813-01AF-43B3-A23E-2C62F332B994}.Release|x64.ActiveCfg = Release|x64
		{BFF9C813-01AF-43B3-A23E-2C62F332B994}.Release|x64.Build.0 = Release|x64
		{BFF9C813-01AF-43B3-A23E-2C62F332B994}.Release|x86.ActiveCfg = Release|Win32
		{BFF9C813-01AF-43B3-A23E-2C62F332B994}.Release|x86.Build.0 = Release|Win32
	EndGlobalSection
	GlobalSection(SolutionProperties) = preSolution
		HideSolutionNode = FALSE
	EndGlobalSection
	GlobalSection(NestedProjects) = preSolution
		{419DF0E8-6E8C-4369-8E46-17D851C97968} = {0B8C1F40-9406-41D6-882E-B6E99481BD5D}
		{796DD2CA-BDCD-41B8-89DD-7F1851FD5CCB} = {0B8C1F40-9406-41D6-882E-B6E99481BD5D}
		{CCC37E87-843F-40AC-87F9-B599CD01E2AD} = {0B8C1F40-9406-41D6-882E-B6E99481BD5D}
		{F72E405D-97CF-40F8-87F8-06E44632DBAA} = {0B8C1F40-9406-41D6-882E-B6E99481BD5D}
		{180062E7-7370-42A8-ABD5-420409CD096A} = {0B8C1F40-9406-41D6-882E-B6E99481BD5D}
		{18AD127F-D0C3-442A-B52C-176638228C59} = {0B8C1F40-9406-41D6-882E-B6E99481BD5D}
		{257B05EF-D3C0-415E-8EB7-1E0EDBA10E16} = {0B8C1F40-9406-41D6-882E-B6E99481BD5D}
		{B3C8126E-0FDC-4D25-B4EE-6800B24E7B02} = {0B8C1F40-9406-41D6-882E-B6E99481BD5D}
		{7E438932-3819-4D51-80B9-0C32B5AF33E3} = {0B8C1F40-9406-41D6-882E-B6E99481BD5D}
		{2C9AF94E-70BB-4CA9-A5BC-DBF455983CFC} = {0B8C1F40-9406-41D6-882E-B6E99481BD5D}
		{CDE5A2F9-D904-4B88-B6CA-2964E9B5DBC4} = {261AB919-FCC0-4E20-8E53-51D14CAFD8EE}
		{6682BFD4-C79F-49BD-A114-6EE8FB79E8C3} = {1C2CA619-9348-41BB-B0E1-C81B37A73674}
		{36D2265D-5D30-4E9D-A3CF-10876CE8E6BD} = {0B8C1F40-9406-41D6-882E-B6E99481BD5D}
		{278CBEF2-D7F3-4238-AA38-A14797BB17AA} = {1C2CA619-9348-41BB-B0E1-C81B37A73674}
		{87473EBC-D04D-4B91-99B8-5FB643C5FE40} = {0B8C1F40-9406-41D6-882E-B6E99481BD5D}
		{6F010408-13F4-4A0B-8A99-DE44E6DBF20E} = {0B8C1F40-9406-41D6-882E-B6E99481BD5D}
		{8A36ABFD-14B1-48C5-86C9-1DF86B05CD66} = {0B8C1F40-9406-41D6-882E-B6E99481BD5D}
		{FB663301-1D46-4A40-A14E-ED61B41A1B18} = {0B8C1F40-9406-41D6-882E-B6E99481BD5D}
		{A3EE56A0-F758-4DAB-8DB1-D78EB5183188} = {0B8C1F40-9406-41D6-882E-B6E99481BD5D}
		{BFF9C813-01AF-43B3-A23E-2C62F332B994} = {261AB919-FCC0-4E20-8E53-51D14CAFD8EE}
	EndGlobalSection
	GlobalSection(ExtensibilityGlobals) = postSolution
		SolutionGuid = {907BD2CC-00D7-43B7-B2AF-5F5227293C46}
	EndGlobalSection
EndGlobal
