<?xml version="1.0" encoding="utf-8"?>
<Project ToolsVersion="4.0" xmlns="http://schemas.microsoft.com/developer/msbuild/2003">
  <ItemGroup>
    <Filter Include="Inc">
      <UniqueIdentifier>{66bbe247-4fd8-4bfc-8dc5-5c77878dbb09}</UniqueIdentifier>
    </Filter>
    <Filter Include="Src">
      <UniqueIdentifier>{38d66e11-964b-4916-9175-347aecb20e76}</UniqueIdentifier>
    </Filter>
  </ItemGroup>
  <ItemGroup>
    <ClInclude Include="Inc\NetworkUtil.h">
      <Filter>Inc</Filter>
    </ClInclude>
    <ClInclude Include="Inc\UDPSocket.h">
      <Filter>Inc</Filter>
    </ClInclude>
    <ClInclude Include="Inc\TCPSocket.h">
      <Filter>Inc</Filter>
    </ClInclude>
    <ClInclude Include="Inc\SocketAddress.h">
      <Filter>Inc</Filter>
    </ClInclude>
    <ClInclude Include="Inc\Network.h">
      <Filter>Inc</Filter>
    </ClInclude>
    <ClInclude Include="Src\Precompiled.h" />
    <ClInclude Include="Inc\MemoryStream.h">
      <Filter>Inc</Filter>
    </ClInclude>
    <ClInclude Include="Inc\Common.h">
      <Filter>Inc</Filter>
    </ClInclude>
    <ClInclude Include="Inc\ObjectFactory.h">
      <Filter>Inc</Filter>
    </ClInclude>
    <ClInclude Include="Inc\StreamReader.h">
      <Filter>Inc</Filter>
    </ClInclude>
    <ClInclude Include="Inc\StreamWriter.h">
      <Filter>Inc</Filter>
    </ClInclude>
    <ClInclude Include="Inc\LinkingContext.h">
      <Filter>Inc</Filter>
    </ClInclude>
  </ItemGroup>
  <ItemGroup>
    <ClCompile Include="Src\NetworkUtil.cpp">
      <Filter>Src</Filter>
    </ClCompile>
    <ClCompile Include="Src\UDPSocket.cpp">
      <Filter>Src</Filter>
    </ClCompile>
    <ClCompile Include="Src\SocketAddress.cpp">
      <Filter>Src</Filter>
    </ClCompile>
    <ClCompile Include="Src\TCPSocket.cpp">
      <Filter>Src</Filter>
    </ClCompile>
    <ClCompile Include="Src\Precompiled.cpp" />
    <ClCompile Include="Src\MemoryStream.cpp">
      <Filter>Src</Filter>
    </ClCompile>
    <ClCompile Include="Src\LinkingContext.cpp">
      <Filter>Src</Filter>
    </ClCompile>
    <ClCompile Include="Src\StreamReader.cpp">
      <Filter>Src</Filter>
    </ClCompile>
    <ClCompile Include="Src\StreamWriter.cpp">
      <Filter>Src</Filter>
    </ClCompile>
  </ItemGroup>
</Project>